
Microsoft Visual Studio Solution File, Format Version 12.00
# Visual Studio Version 18
VisualStudioVersion = 18.0.11018.127 d18.0
MinimumVisualStudioVersion = 10.0.40219.1
Project("{FAE04EC0-301F-11D3-BF4B-00C04F79EFBC}") = "WebAppBlog", "WebAppBlog\WebAppBlog.csproj", "{ADCFC1CF-8E02-4931-9828-F03AB708C73A}"
EndProject
Global
	GlobalSection(SolutionConfigurationPlatforms) = preSolution
		Debug|Any CPU = Debug|Any CPU
		Release|Any CPU = Release|Any CPU
	EndGlobalSection
	GlobalSection(ProjectConfigurationPlatforms) = postSolution
		{ADCFC1CF-8E02-4931-9828-F03AB708C73A}.Debug|Any CPU.ActiveCfg = Debug|Any CPU
		{ADCFC1CF-8E02-4931-9828-F03AB708C73A}.Debug|Any CPU.Build.0 = Debug|Any CPU
		{ADCFC1CF-8E02-4931-9828-F03AB708C73A}.Release|Any CPU.ActiveCfg = Release|Any CPU
		{ADCFC1CF-8E02-4931-9828-F03AB708C73A}.Release|Any CPU.Build.0 = Release|Any CPU
	EndGlobalSection
	GlobalSection(SolutionProperties) = preSolution
		HideSolutionNode = FALSE
	EndGlobalSection
	GlobalSection(ExtensibilityGlobals) = postSolution
		SolutionGuid = {6F50DE6E-11E2-40BE-9498-E67C8A3C9B1D}
	EndGlobalSection
EndGlobal
